
Microsoft Visual Studio Solution File, Format Version 12.00
# Visual Studio Version 16
VisualStudioVersion = 16.0.30413.136
MinimumVisualStudioVersion = 10.0.40219.1
Project("{FAE04EC0-301F-11D3-BF4B-00C04F79EFBC}") = "Sanatorium", "Sanatorium\Sanatorium.csproj", "{D02F13A5-9352-427D-9E11-5F21372748BB}"
EndProject
Project("{FAE04EC0-301F-11D3-BF4B-00C04F79EFBC}") = "BussinesLogic", "BussinesLogic\BussinesLogic.csproj", "{A88C937A-EC58-4DF6-BFC9-2C142FFD0B38}"
EndProject
Project("{FAE04EC0-301F-11D3-BF4B-00C04F79EFBC}") = "Database", "Database\Database.csproj", "{0BCE3C8E-18E2-453E-861B-9ACD9EBBE7AF}"
EndProject
Global
	GlobalSection(SolutionConfigurationPlatforms) = preSolution
		Debug|Any CPU = Debug|Any CPU
		Release|Any CPU = Release|Any CPU
	EndGlobalSection
	GlobalSection(ProjectConfigurationPlatforms) = postSolution
		{D02F13A5-9352-427D-9E11-5F21372748BB}.Debug|Any CPU.ActiveCfg = Debug|Any CPU
		{D02F13A5-9352-427D-9E11-5F21372748BB}.Debug|Any CPU.Build.0 = Debug|Any CPU
		{D02F13A5-9352-427D-9E11-5F21372748BB}.Release|Any CPU.ActiveCfg = Release|Any CPU
		{D02F13A5-9352-427D-9E11-5F21372748BB}.Release|Any CPU.Build.0 = Release|Any CPU
		{A88C937A-EC58-4DF6-BFC9-2C142FFD0B38}.Debug|Any CPU.ActiveCfg = Debug|Any CPU
		{A88C937A-EC58-4DF6-BFC9-2C142FFD0B38}.Debug|Any CPU.Build.0 = Debug|Any CPU
		{A88C937A-EC58-4DF6-BFC9-2C142FFD0B38}.Release|Any CPU.ActiveCfg = Release|Any CPU
		{A88C937A-EC58-4DF6-BFC9-2C142FFD0B38}.Release|Any CPU.Build.0 = Release|Any CPU
		{0BCE3C8E-18E2-453E-861B-9ACD9EBBE7AF}.Debug|Any CPU.ActiveCfg = Debug|Any CPU
		{0BCE3C8E-18E2-453E-861B-9ACD9EBBE7AF}.Debug|Any CPU.Build.0 = Debug|Any CPU
		{0BCE3C8E-18E2-453E-861B-9ACD9EBBE7AF}.Release|Any CPU.ActiveCfg = Release|Any CPU
		{0BCE3C8E-18E2-453E-861B-9ACD9EBBE7AF}.Release|Any CPU.Build.0 = Release|Any CPU
	EndGlobalSection
	GlobalSection(SolutionProperties) = preSolution
		HideSolutionNode = FALSE
	EndGlobalSection
	GlobalSection(ExtensibilityGlobals) = postSolution
		SolutionGuid = {3B92A864-4BBB-442B-80BD-37F62FC97C07}
	EndGlobalSection
EndGlobal
